
Microsoft Visual Studio Solution File, Format Version 12.00
# Visual Studio Version 16
VisualStudioVersion = 16.0.30128.74
MinimumVisualStudioVersion = 10.0.40219.1
Project("{FAE04EC0-301F-11D3-BF4B-00C04F79EFBC}") = "GuessTheNumberGame", "GuessTheNumberGame.csproj", "{00E7D28A-5666-406A-B504-E1F952A3A48D}"
EndProject
Global
	GlobalSection(SolutionConfigurationPlatforms) = preSolution
		Debug|Any CPU = Debug|Any CPU
		Release|Any CPU = Release|Any CPU
	EndGlobalSection
	GlobalSection(ProjectConfigurationPlatforms) = postSolution
		{00E7D28A-5666-406A-B504-E1F952A3A48D}.Debug|Any CPU.ActiveCfg = Debug|Any CPU
		{00E7D28A-5666-406A-B504-E1F952A3A48D}.Debug|Any CPU.Build.0 = Debug|Any CPU
		{00E7D28A-5666-406A-B504-E1F952A3A48D}.Release|Any CPU.ActiveCfg = Release|Any CPU
		{00E7D28A-5666-406A-B504-E1F952A3A48D}.Release|Any CPU.Build.0 = Release|Any CPU
	EndGlobalSection
	GlobalSection(SolutionProperties) = preSolution
		HideSolutionNode = FALSE
	EndGlobalSection
	GlobalSection(ExtensibilityGlobals) = postSolution
		SolutionGuid = {3D05E77A-E2C2-4D72-9081-FE063F4F4346}
	EndGlobalSection
EndGlobal
